
Microsoft Visual Studio Solution File, Format Version 12.00
# Visual Studio Version 17
VisualStudioVersion = 17.5.33530.505
MinimumVisualStudioVersion = 10.0.40219.1
Project("{9A19103F-16F7-4668-BE54-9A1E7A4F7556}") = "ProductosApp.Server", "Test\Server\ProductosApp.Server.csproj", "{0D3A0F78-B84D-4006-B908-FB6D9A609838}"
EndProject
Project("{9A19103F-16F7-4668-BE54-9A1E7A4F7556}") = "ProductosApp.Client", "Test\Client\ProductosApp.Client.csproj", "{BCBE5BF1-FFE9-4446-83EA-5A17B35A7A08}"
EndProject
Project("{9A19103F-16F7-4668-BE54-9A1E7A4F7556}") = "ProductosApp.Shared", "Test\Shared\ProductosApp.Shared.csproj", "{3FF32E7A-9D96-4390-B621-D8D8068C55F7}"
EndProject
Global
	GlobalSection(SolutionConfigurationPlatforms) = preSolution
		Debug|Any CPU = Debug|Any CPU
		Release|Any CPU = Release|Any CPU
	EndGlobalSection
	GlobalSection(ProjectConfigurationPlatforms) = postSolution
		{0D3A0F78-B84D-4006-B908-FB6D9A609838}.Debug|Any CPU.ActiveCfg = Debug|Any CPU
		{0D3A0F78-B84D-4006-B908-FB6D9A609838}.Debug|Any CPU.Build.0 = Debug|Any CPU
		{0D3A0F78-B84D-4006-B908-FB6D9A609838}.Release|Any CPU.ActiveCfg = Release|Any CPU
		{0D3A0F78-B84D-4006-B908-FB6D9A609838}.Release|Any CPU.Build.0 = Release|Any CPU
		{BCBE5BF1-FFE9-4446-83EA-5A17B35A7A08}.Debug|Any CPU.ActiveCfg = Debug|Any CPU
		{BCBE5BF1-FFE9-4446-83EA-5A17B35A7A08}.Debug|Any CPU.Build.0 = Debug|Any CPU
		{BCBE5BF1-FFE9-4446-83EA-5A17B35A7A08}.Release|Any CPU.ActiveCfg = Release|Any CPU
		{BCBE5BF1-FFE9-4446-83EA-5A17B35A7A08}.Release|Any CPU.Build.0 = Release|Any CPU
		{3FF32E7A-9D96-4390-B621-D8D8068C55F7}.Debug|Any CPU.ActiveCfg = Debug|Any CPU
		{3FF32E7A-9D96-4390-B621-D8D8068C55F7}.Debug|Any CPU.Build.0 = Debug|Any CPU
		{3FF32E7A-9D96-4390-B621-D8D8068C55F7}.Release|Any CPU.ActiveCfg = Release|Any CPU
		{3FF32E7A-9D96-4390-B621-D8D8068C55F7}.Release|Any CPU.Build.0 = Release|Any CPU
	EndGlobalSection
	GlobalSection(SolutionProperties) = preSolution
		HideSolutionNode = FALSE
	EndGlobalSection
	GlobalSection(ExtensibilityGlobals) = postSolution
		SolutionGuid = {69EA555C-4998-4923-832A-5868FD9D5726}
	EndGlobalSection
EndGlobal
